
Microsoft Visual Studio Solution File, Format Version 12.00
# Visual Studio Version 17
VisualStudioVersion = 17.10.35027.167
MinimumVisualStudioVersion = 10.0.40219.1
Project("{FAE04EC0-301F-11D3-BF4B-00C04F79EFBC}") = "UserDemographicsApp", "UserDemographicsApp\UserDemographicsApp.csproj", "{6690C955-6CF8-49EB-8574-3B9C389767EE}"
EndProject
Global
	GlobalSection(SolutionConfigurationPlatforms) = preSolution
		Debug|Any CPU = Debug|Any CPU
		Release|Any CPU = Release|Any CPU
	EndGlobalSection
	GlobalSection(ProjectConfigurationPlatforms) = postSolution
		{6690C955-6CF8-49EB-8574-3B9C389767EE}.Debug|Any CPU.ActiveCfg = Debug|Any CPU
		{6690C955-6CF8-49EB-8574-3B9C389767EE}.Debug|Any CPU.Build.0 = Debug|Any CPU
		{6690C955-6CF8-49EB-8574-3B9C389767EE}.Release|Any CPU.ActiveCfg = Release|Any CPU
		{6690C955-6CF8-49EB-8574-3B9C389767EE}.Release|Any CPU.Build.0 = Release|Any CPU
	EndGlobalSection
	GlobalSection(SolutionProperties) = preSolution
		HideSolutionNode = FALSE
	EndGlobalSection
	GlobalSection(ExtensibilityGlobals) = postSolution
		SolutionGuid = {1E431C53-D9AD-4F2D-ADA9-40029F52E38C}
	EndGlobalSection
EndGlobal
